{
  "name": "proagent-backend-neon",
  "version": "1.0.0",
  "lockfileVersion": 3,
  "requires": true,
  "packages": {
    "": {
      "name": "proagent-backend-neon",
      "version": "1.0.0",
      "dependencies": {
        "@neondatabase/serverless": "^1.1.0",
        "dotenv": "^18.0.4",
        "ws": "^8.22.0"
      }
    },
    "node_modules/@neondatabase/serverless": {
      "version": "1.1.0",
      "resolved": "https://registry.npmjs.org/@neondatabase/serverless/-/serverless-1.1.0.tgz",
      "integrity": "sha512-r3ZZhRjEcfEdKIZnoB1RusNgvHuaBRqfCzV4Gi+5A9yUX0S4HTws/ASWqt13wL4y4I+0rqsWGdA2w7EQXHi3+Q==",
      "license": "MIT",
      "engines": {
        "node": ">=19.0.0"
      }
    },
    "node_modules/dotenv": {
      "version": "18.0.4",
      "resolved": "https://registry.npmjs.org/dotenv/-/dotenv-18.0.4.tgz",
      "integrity": "sha512-jGt9uI5BIxpVO15kvy+iEFqNAwxYClKWnkptLjSNPnFLC003Imd0ofr3aEVsbpHdSBdSsbcApNIlz4nbyGMwdA==",
      "license": "BSD-2-Clause",
      "bin": {
        "dotenv": "dist/index.cjs"
      },
      "engines": {
        "node": ">=12"
      },
      "funding": {
        "url": "https://dotenvx.com"
      }
    },
    "node_modules/ws": {
      "version": "8.22.0",
      "resolved": "https://registry.npmjs.org/ws/-/ws-8.22.0.tgz",
      "integrity": "sha512-Ydggc987+RO0AnWtZ/7Wq9FtNvcrL1b/RO0ud9mWjUPgDrsAAwQSF51sm2hm1XofbU/4jkpGEsLFsZZxU+1DOg==",
      "license": "MIT",
      "engines": {
        "node": ">=10.0.0"
      },
      "peerDependencies": {
        "bufferutil": "^4.0.1",
        "utf-8-validate": ">=5.0.2"
      },
      "peerDependenciesMeta": {
        "bufferutil": {
          "optional": true
        },
        "utf-8-validate": {
          "optional": true
        }
      }
    }
  }
}
